<Solution>
  <Project Path="OpsPilot.API/OpsPilot.API.csproj" />
  <Project Path="OpsPilot.Application/OpsPilot.Application.csproj" />
  <Project Path="OpsPilot.Domain/OpsPilot.Domain.csproj" />
  <Project Path="OpsPilot.Infrastructure/OpsPilot.Infrastructure.csproj" />
  <Project Path="OpsPilot.Web/OpsPilot.Web.csproj" />
</Solution>
